PODS:
  - WFStream (1.0.1)

DEPENDENCIES:
  - WFStream (from `https://github.com/WindFantasy/WFStream.git`, tag `1.0.1`)

EXTERNAL SOURCES:
  WFStream:
    :git: https://github.com/WindFantasy/WFStream.git
    :tag: 1.0.1

CHECKOUT OPTIONS:
  WFStream:
    :git: https://github.com/WindFantasy/WFStream.git
    :tag: 1.0.1

SPEC CHECKSUMS:
  WFStream: 6e765f6dbf6bbd066acd58814ca4e48726ec5c42

PODFILE CHECKSUM: 1baf81f53221955c36a118f086df4ed324645cfe

COCOAPODS: 1.10.1
